# This file was autogenerated by Stack.
# You should not edit this file by hand.
# For more information, please see the documentation at:
#   https://docs.haskellstack.org/en/stable/lock_files

packages: []
snapshots:
- completed:
    sha256: f488e1eeb01f9352a7cee904384a0988e82d0abd115f4e7f393334b1ba40819f
    size: 285164
    url: https://raw.githubusercontent.com/commercialhaskell/stackage-snapshots/master/lts/3/10.yaml
  original: lts-3.10
